
Microsoft Visual Studio Solution File, Format Version 12.00
# Visual Studio 14
VisualStudioVersion = 14.0.25420.1
MinimumVisualStudioVersion = 10.0.40219.1
Project("{9092AA53-FB77-4645-B42D-1CCCA6BD08BD}") = "BoopBot", "NodejsConsoleApp1\BoopBot.njsproj", "{FD4A2673-2A3C-45C2-87BF-E7981C255B9F}"
EndProject
Global
	GlobalSection(SolutionConfigurationPlatforms) = preSolution
		Debug|Any CPU = Debug|Any CPU
		Release|Any CPU = Release|Any CPU
	EndGlobalSection
	GlobalSection(ProjectConfigurationPlatforms) = postSolution
		{FD4A2673-2A3C-45C2-87BF-E7981C255B9F}.Debug|Any CPU.ActiveCfg = Debug|Any CPU
		{FD4A2673-2A3C-45C2-87BF-E7981C255B9F}.Debug|Any CPU.Build.0 = Debug|Any CPU
		{FD4A2673-2A3C-45C2-87BF-E7981C255B9F}.Release|Any CPU.ActiveCfg = Release|Any CPU
		{FD4A2673-2A3C-45C2-87BF-E7981C255B9F}.Release|Any CPU.Build.0 = Release|Any CPU
	EndGlobalSection
	GlobalSection(SolutionProperties) = preSolution
		HideSolutionNode = FALSE
	EndGlobalSection
EndGlobal
